{
  "nodes": {
    "catppuccin-vsc": {
      "inputs": {
        "nixpkgs": "nixpkgs"
      },
      "locked": {
        "lastModified": 1731106889,
        "narHash": "sha256-acq5Rbg2swreKyZDswqd9c9X1NtTNexMkKZNws/l4s8=",
        "rev": "39e26a0e1bd5a84899c2b786b9119d6e9174297f",
        "revCount": 523,
        "type": "tarball",
        "url": "https://api.flakehub.com/f/pinned/catppuccin/vscode/3.16.0/01931044-41cd-79d3-882f-dd68e6ebfa38/source.tar.gz"
      },
      "original": {
        "type": "tarball",
        "url": "https://flakehub.com/f/catppuccin/vscode/%2A.tar.gz"
      }
    },
    "flake-compat": {
      "flake": false,
      "locked": {
        "lastModified": 1733328505,
        "narHash": "sha256-NeCCThCEP3eCl2l/+27kNNK7QrwZB1IJCrXfrbv5oqU=",
        "owner": "edolstra",
        "repo": "flake-compat",
        "rev": "ff81ac966bb2cae68946d5ed5fc4994f96d0ffec",
        "type": "github"
      },
      "original": {
        "owner": "edolstra",
        "repo": "flake-compat",
        "type": "github"
      }
    },
    "grub2-themes": {
      "inputs": {
        "nixpkgs": "nixpkgs_2"
      },
      "locked": {
        "lastModified": 1734412921,
        "narHash": "sha256-JeMqc7lLowKn6klrCcOkcOg38yNqF7MPbN4Elh6Xvq0=",
        "owner": "vinceliuice",
        "repo": "grub2-themes",
        "rev": "f6ab2438e124f60a340a526543e498e5e33b3c53",
        "type": "github"
      },
      "original": {
        "owner": "vinceliuice",
        "repo": "grub2-themes",
        "type": "github"
      }
    },
    "home-manager": {
      "inputs": {
        "nixpkgs": [
          "nixpkgs"
        ]
      },
      "locked": {
        "lastModified": 1734366194,
        "narHash": "sha256-vykpJ1xsdkv0j8WOVXrRFHUAdp9NXHpxdnn1F4pYgSw=",
        "owner": "nix-community",
        "repo": "home-manager",
        "rev": "80b0fdf483c5d1cb75aaad909bd390d48673857f",
        "type": "github"
      },
      "original": {
        "owner": "nix-community",
        "ref": "release-24.11",
        "repo": "home-manager",
        "type": "github"
      }
    },
    "nixpkgs": {
      "locked": {
        "lastModified": 1712963716,
        "narHash": "sha256-WKm9CvgCldeIVvRz87iOMi8CFVB1apJlkUT4GGvA0iM=",
        "owner": "NixOS",
        "repo": "nixpkgs",
        "rev": "cfd6b5fc90b15709b780a5a1619695a88505a176",
        "type": "github"
      },
      "original": {
        "owner": "NixOS",
        "ref": "nixos-unstable",
        "repo": "nixpkgs",
        "type": "github"
      }
    },
    "nixpkgs_2": {
      "locked": {
        "lastModified": 1735335582,
        "narHash": "sha256-Ws+IMpwyScGQ6YhHd25JC44Lt3XaPP3R2zmegt09TCw=",
        "owner": "NixOS",
        "repo": "nixpkgs",
        "rev": "33ec84481aca97284e8467c05d9b507525eb0123",
        "type": "github"
      },
      "original": {
        "owner": "NixOS",
        "ref": "master",
        "repo": "nixpkgs",
        "type": "github"
      }
    },
    "nixpkgs_3": {
      "locked": {
        "lastModified": 1735141468,
        "narHash": "sha256-VIAjBr1qGcEbmhLwQJD6TABppPMggzOvqFsqkDoMsAY=",
        "owner": "nixos",
        "repo": "nixpkgs",
        "rev": "4005c3ff7505313cbc21081776ad0ce5dfd7a3ce",
        "type": "github"
      },
      "original": {
        "owner": "nixos",
        "ref": "nixos-24.11",
        "repo": "nixpkgs",
        "type": "github"
      }
    },
    "root": {
      "inputs": {
        "catppuccin-vsc": "catppuccin-vsc",
        "grub2-themes": "grub2-themes",
        "home-manager": "home-manager",
        "nixpkgs": "nixpkgs_3",
        "spicetify-nix": "spicetify-nix"
      }
    },
    "spicetify-nix": {
      "inputs": {
        "flake-compat": "flake-compat",
        "nixpkgs": [
          "nixpkgs"
        ]
      },
      "locked": {
        "lastModified": 1735272951,
        "narHash": "sha256-xGQ4qVMb8XRIpDYq+tNu3db5LzoKyAJFRl3VA0us/+M=",
        "owner": "Gerg-L",
        "repo": "spicetify-nix",
        "rev": "c4e2fb9a6a46acf1fd842ae33a342e71bd9a2263",
        "type": "github"
      },
      "original": {
        "owner": "Gerg-L",
        "repo": "spicetify-nix",
        "type": "github"
      }
    }
  },
  "root": "root",
  "version": 7
}
