{
  "nodes": {
    "grub2-themes": {
      "inputs": {
        "nixpkgs": "nixpkgs"
      },
      "locked": {
        "lastModified": 1715837353,
        "narHash": "sha256-UWm9hWXnr/P99e5LWbpnL99Qav3c1MNTiFcD7d/oU1I=",
        "owner": "vinceliuice",
        "repo": "grub2-themes",
        "rev": "ce56cfb5c6b0650830e6f7732187673add7c9e96",
        "type": "github"
      },
      "original": {
        "owner": "vinceliuice",
        "repo": "grub2-themes",
        "type": "github"
      }
    },
    "home-manager": {
      "inputs": {
        "nixpkgs": [
          "nixpkgs"
        ]
      },
      "locked": {
        "lastModified": 1715381426,
        "narHash": "sha256-wPuqrAQGdv3ISs74nJfGb+Yprm23U/rFpcHFFNWgM94=",
        "owner": "nix-community",
        "repo": "home-manager",
        "rev": "ab5542e9dbd13d0100f8baae2bc2d68af901f4b4",
        "type": "github"
      },
      "original": {
        "owner": "nix-community",
        "ref": "release-23.11",
        "repo": "home-manager",
        "type": "github"
      }
    },
    "nixpkgs": {
      "locked": {
        "lastModified": 1717068402,
        "narHash": "sha256-olLqhxrBPdq4Y6GA9voLSUkyvVcfmVP5lQWnewlZGq0=",
        "owner": "NixOS",
        "repo": "nixpkgs",
        "rev": "66c951d1278b9c105c750cb70ca37f1e3e3d0e57",
        "type": "github"
      },
      "original": {
        "owner": "NixOS",
        "ref": "master",
        "repo": "nixpkgs",
        "type": "github"
      }
    },
    "nixpkgs_2": {
      "locked": {
        "lastModified": 1715106579,
        "narHash": "sha256-gZMgKEGiK6YrwGBiccZ1gemiUwjsZ1Zv49KYOgmX2fY=",
        "owner": "nixos",
        "repo": "nixpkgs",
        "rev": "8be0d8a1ed4f96d99b09aa616e2afd47acc3da89",
        "type": "github"
      },
      "original": {
        "owner": "nixos",
        "ref": "nixos-23.11",
        "repo": "nixpkgs",
        "type": "github"
      }
    },
    "root": {
      "inputs": {
        "grub2-themes": "grub2-themes",
        "home-manager": "home-manager",
        "nixpkgs": "nixpkgs_2"
      }
    }
  },
  "root": "root",
  "version": 7
}
